// !$*UTF8*$!
{
	archiveVersion = 1;
	classes = {
	};
	objectVersion = 77;
	objects = {

/* Begin PBXBuildFile section */
		802114DE2E313C3500FE2C3D /* Hermes App Specifications (Optimized for Claude Code Parsing).markdown in Resources */ = {isa = PBXBuildFile; fileRef = 802114DD2E313C3500FE2C3D /* Hermes App Specifications (Optimized for Claude Code Parsing).markdown */; };
		802114ED2E313EAA00FE2C3D /* CLAUDE.md in Resources */ = {isa = PBXBuildFile; fileRef = 802114EC2E313EAA00FE2C3D /* CLAUDE.md */; };
/* End PBXBuildFile section */

/* Begin PBXContainerItemProxy section */
		802114C12E313C0E00FE2C3D /* PBXContainerItemProxy */ = {
			isa = PBXContainerItemProxy;
			containerPortal = 802114AA2E313C0D00FE2C3D /* Project object */;
			proxyType = 1;
			remoteGlobalIDString = 802114B12E313C0D00FE2C3D;
			remoteInfo = Hermes;
		};
		802114CB2E313C0E00FE2C3D /* PBXContainerItemProxy */ = {
			isa = PBXContainerItemProxy;
			containerPortal = 802114AA2E313C0D00FE2C3D /* Project object */;
			proxyType = 1;
			remoteGlobalIDString = 802114B12E313C0D00FE2C3D;
			remoteInfo = Hermes;
		};
/* End PBXContainerItemProxy section */

/* Begin PBXFileReference section */
		802114B22E313C0D00FE2C3D /* Hermes.app */ = {isa = PBXFileReference; explicitFileType = wrapper.application; includeInIndex = 0; path = Hermes.app; sourceTree = BUILT_PRODUCTS_DIR; };
		802114C02E313C0E00FE2C3D /* HermesTests.xctest */ = {isa = PBXFileReference; explicitFileType = wrapper.cfbundle; includeInIndex = 0; path = HermesTests.xctest; sourceTree = BUILT_PRODUCTS_DIR; };
		802114CA2E313C0E00FE2C3D /* HermesUITests.xctest */ = {isa = PBXFileReference; explicitFileType = wrapper.cfbundle; includeInIndex = 0; path = HermesUITests.xctest; sourceTree = BUILT_PRODUCTS_DIR; };
		802114DD2E313C3500FE2C3D /* Hermes App Specifications (Optimized for Claude Code Parsing).markdown */ = {isa = PBXFileReference; lastKnownFileType = net.daringfireball.markdown; path = "Hermes App Specifications (Optimized for Claude Code Parsing).markdown"; sourceTree = "<group>"; };
		802114EC2E313EAA00FE2C3D /* CLAUDE.md */ = {isa = PBXFileReference; lastKnownFileType = net.daringfireball.markdown; path = CLAUDE.md; sourceTree = "<group>"; };
/* End PBXFileReference section */

/* Begin PBXFileSystemSynchronizedRootGroup section */
		802114B42E313C0D00FE2C3D /* Hermes */ = {
			isa = PBXFileSystemSynchronizedRootGroup;
			path = Hermes;
			sourceTree = "<group>";
		};
		802114C32E313C0E00FE2C3D /* HermesTests */ = {
			isa = PBXFileSystemSynchronizedRootGroup;
			path = HermesTests;
			sourceTree = "<group>";
		};
		802114CD2E313C0E00FE2C3D /* HermesUITests */ = {
			isa = PBXFileSystemSynchronizedRootGroup;
			path = HermesUITests;
			sourceTree = "<group>";
		};
/* End PBXFileSystemSynchronizedRootGroup section */

/* Begin PBXFrameworksBuildPhase section */
		802114AF2E313C0D00FE2C3D /* Frameworks */ = {
			isa = PBXFrameworksBuildPhase;
			buildActionMask = 2147483647;
			files = (
			);
			runOnlyForDeploymentPostprocessing = 0;
		};
		802114BD2E313C0E00FE2C3D /* Frameworks */ = {
			isa = PBXFrameworksBuildPhase;
			buildActionMask = 2147483647;
			files = (
			);
			runOnlyForDeploymentPostprocessing = 0;
		};
		802114C72E313C0E00FE2C3D /* Frameworks */ = {
			isa = PBXFrameworksBuildPhase;
			buildActionMask = 2147483647;
			files = (
			);
			runOnlyForDeploymentPostprocessing = 0;
		};
/* End PBXFrameworksBuildPhase section */

/* Begin PBXGroup section */
		802114A92E313C0D00FE2C3D = {
			isa = PBXGroup;
			children = (
				802114EC2E313EAA00FE2C3D /* CLAUDE.md */,
				802114DD2E313C3500FE2C3D /* Hermes App Specifications (Optimized for Claude Code Parsing).markdown */,
				802114B42E313C0D00FE2C3D /* Hermes */,
				802114C32E313C0E00FE2C3D /* HermesTests */,
				802114CD2E313C0E00FE2C3D /* HermesUITests */,
				802114B32E313C0D00FE2C3D /* Products */,
			);
			sourceTree = "<group>";
		};
		802114B32E313C0D00FE2C3D /* Products */ = {
			isa = PBXGroup;
			children = (
				802114B22E313C0D00FE2C3D /* Hermes.app */,
				802114C02E313C0E00FE2C3D /* HermesTests.xctest */,
				802114CA2E313C0E00FE2C3D /* HermesUITests.xctest */,
			);
			name = Products;
			sourceTree = "<group>";
		};
/* End PBXGroup section */

/* Begin PBXNativeTarget section */
		802114B12E313C0D00FE2C3D /* Hermes */ = {
			isa = PBXNativeTarget;
			buildConfigurationList = 802114D42E313C0E00FE2C3D /* Build configuration list for PBXNativeTarget "Hermes" */;
			buildPhases = (
				802114AE2E313C0D00FE2C3D /* Sources */,
				802114AF2E313C0D00FE2C3D /* Frameworks */,
				802114B02E313C0D00FE2C3D /* Resources */,
			);
			buildRules = (
			);
			dependencies = (
			);
			fileSystemSynchronizedGroups = (
				802114B42E313C0D00FE2C3D /* Hermes */,
			);
			name = Hermes;
			packageProductDependencies = (
			);
			productName = Hermes;
			productReference = 802114B22E313C0D00FE2C3D /* Hermes.app */;
			productType = "com.apple.product-type.application";
		};
		802114BF2E313C0E00FE2C3D /* HermesTests */ = {
			isa = PBXNativeTarget;
			buildConfigurationList = 802114D72E313C0E00FE2C3D /* Build configuration list for PBXNativeTarget "HermesTests" */;
			buildPhases = (
				802114BC2E313C0E00FE2C3D /* Sources */,
				802114BD2E313C0E00FE2C3D /* Frameworks */,
				802114BE2E313C0E00FE2C3D /* Resources */,
			);
			buildRules = (
			);
			dependencies = (
				802114C22E313C0E00FE2C3D /* PBXTargetDependency */,
			);
			fileSystemSynchronizedGroups = (
				802114C32E313C0E00FE2C3D /* HermesTests */,
			);
			name = HermesTests;
			packageProductDependencies = (
			);
			productName = HermesTests;
			productReference = 802114C02E313C0E00FE2C3D /* HermesTests.xctest */;
			productType = "com.apple.product-type.bundle.unit-test";
		};
		802114C92E313C0E00FE2C3D /* HermesUITests */ = {
			isa = PBXNativeTarget;
			buildConfigurationList = 802114DA2E313C0E00FE2C3D /* Build configuration list for PBXNativeTarget "HermesUITests" */;
			buildPhases = (
				802114C62E313C0E00FE2C3D /* Sources */,
				802114C72E313C0E00FE2C3D /* Frameworks */,
				802114C82E313C0E00FE2C3D /* Resources */,
			);
			buildRules = (
			);
			dependencies = (
				802114CC2E313C0E00FE2C3D /* PBXTargetDependency */,
			);
			fileSystemSynchronizedGroups = (
				802114CD2E313C0E00FE2C3D /* HermesUITests */,
			);
			name = HermesUITests;
			packageProductDependencies = (
			);
			productName = HermesUITests;
			productReference = 802114CA2E313C0E00FE2C3D /* HermesUITests.xctest */;
			productType = "com.apple.product-type.bundle.ui-testing";
		};
/* End PBXNativeTarget section */

/* Begin PBXProject section */
		802114AA2E313C0D00FE2C3D /* Project object */ = {
			isa = PBXProject;
			attributes = {
				BuildIndependentTargetsInParallel = 1;
				LastSwiftUpdateCheck = 1640;
				LastUpgradeCheck = 1640;
				TargetAttributes = {
					802114B12E313C0D00FE2C3D = {
						CreatedOnToolsVersion = 16.4;
					};
					802114BF2E313C0E00FE2C3D = {
						CreatedOnToolsVersion = 16.4;
						TestTargetID = 802114B12E313C0D00FE2C3D;
					};
					802114C92E313C0E00FE2C3D = {
						CreatedOnToolsVersion = 16.4;
						TestTargetID = 802114B12E313C0D00FE2C3D;
					};
				};
			};
			buildConfigurationList = 802114AD2E313C0D00FE2C3D /* Build configuration list for PBXProject "Hermes" */;
			developmentRegion = en;
			hasScannedForEncodings = 0;
			knownRegions = (
				en,
				Base,
			);
			mainGroup = 802114A92E313C0D00FE2C3D;
			minimizedProjectReferenceProxies = 1;
			preferredProjectObjectVersion = 77;
			productRefGroup = 802114B32E313C0D00FE2C3D /* Products */;
			projectDirPath = "";
			projectRoot = "";
			targets = (
				802114B12E313C0D00FE2C3D /* Hermes */,
				802114BF2E313C0E00FE2C3D /* HermesTests */,
				802114C92E313C0E00FE2C3D /* HermesUITests */,
			);
		};
/* End PBXProject section */

/* Begin PBXResourcesBuildPhase section */
		802114B02E313C0D00FE2C3D /* Resources */ = {
			isa = PBXResourcesBuildPhase;
			buildActionMask = 2147483647;
			files = (
				802114DE2E313C3500FE2C3D /* Hermes App Specifications (Optimized for Claude Code Parsing).markdown in Resources */,
				802114ED2E313EAA00FE2C3D /* CLAUDE.md in Resources */,
			);
			runOnlyForDeploymentPostprocessing = 0;
		};
		802114BE2E313C0E00FE2C3D /* Resources */ = {
			isa = PBXResourcesBuildPhase;
			buildActionMask = 2147483647;
			files = (
			);
			runOnlyForDeploymentPostprocessing = 0;
		};
		802114C82E313C0E00FE2C3D /* Resources */ = {
			isa = PBXResourcesBuildPhase;
			buildActionMask = 2147483647;
			files = (
			);
			runOnlyForDeploymentPostprocessing = 0;
		};
/* End PBXResourcesBuildPhase section */

/* Begin PBXSourcesBuildPhase section */
		802114AE2E313C0D00FE2C3D /* Sources */ = {
			isa = PBXSourcesBuildPhase;
			buildActionMask = 2147483647;
			files = (
			);
			runOnlyForDeploymentPostprocessing = 0;
		};
		802114BC2E313C0E00FE2C3D /* Sources */ = {
			isa = PBXSourcesBuildPhase;
			buildActionMask = 2147483647;
			files = (
			);
			runOnlyForDeploymentPostprocessing = 0;
		};
		802114C62E313C0E00FE2C3D /* Sources */ = {
			isa = PBXSourcesBuildPhase;
			buildActionMask = 2147483647;
			files = (
			);
			runOnlyForDeploymentPostprocessing = 0;
		};
/* End PBXSourcesBuildPhase section */

/* Begin PBXTargetDependency section */
		802114C22E313C0E00FE2C3D /* PBXTargetDependency */ = {
			isa = PBXTargetDependency;
			target = 802114B12E313C0D00FE2C3D /* Hermes */;
			targetProxy = 802114C12E313C0E00FE2C3D /* PBXContainerItemProxy */;
		};
		802114CC2E313C0E00FE2C3D /* PBXTargetDependency */ = {
			isa = PBXTargetDependency;
			target = 802114B12E313C0D00FE2C3D /* Hermes */;
			targetProxy = 802114CB2E313C0E00FE2C3D /* PBXContainerItemProxy */;
		};
/* End PBXTargetDependency section */

/* Begin XCBuildConfiguration section */
		802114D22E313C0E00FE2C3D /* Debug */ = {
			isa = XCBuildConfiguration;
			buildSettings = {
				ALWAYS_SEARCH_USER_PATHS = NO;
				ASSETCATALOG_COMPILER_GENERATE_SWIFT_ASSET_SYMBOL_EXTENSIONS = YES;
				CLANG_ANALYZER_NONNULL = YES;
				CLANG_ANALYZER_NUMBER_OBJECT_CONVERSION = YES_AGGRESSIVE;
				CLANG_CXX_LANGUAGE_STANDARD = "gnu++20";
				CLANG_ENABLE_MODULES = YES;
				CLANG_ENABLE_OBJC_ARC = YES;
				CLANG_ENABLE_OBJC_WEAK = YES;
				CLANG_WARN_BLOCK_CAPTURE_AUTORELEASING = YES;
				CLANG_WARN_BOOL_CONVERSION = YES;
				CLANG_WARN_COMMA = YES;
				CLANG_WARN_CONSTANT_CONVERSION = YES;
				CLANG_WARN_DEPRECATED_OBJC_IMPLEMENTATIONS = YES;
				CLANG_WARN_DIRECT_OBJC_ISA_USAGE = YES_ERROR;
				CLANG_WARN_DOCUMENTATION_COMMENTS = YES;
				CLANG_WARN_EMPTY_BODY = YES;
				CLANG_WARN_ENUM_CONVERSION = YES;
				CLANG_WARN_INFINITE_RECURSION = YES;
				CLANG_WARN_INT_CONVERSION = YES;
				CLANG_WARN_NON_LITERAL_NULL_CONVERSION = YES;
				CLANG_WARN_OBJC_IMPLICIT_RETAIN_SELF = YES;
				CLANG_WARN_OBJC_LITERAL_CONVERSION = YES;
				CLANG_WARN_OBJC_ROOT_CLASS = YES_ERROR;
				CLANG_WARN_QUOTED_INCLUDE_IN_FRAMEWORK_HEADER = YES;
				CLANG_WARN_RANGE_LOOP_ANALYSIS = YES;
				CLANG_WARN_STRICT_PROTOTYPES = YES;
				CLANG_WARN_SUSPICIOUS_MOVE = YES;
				CLANG_WARN_UNGUARDED_AVAILABILITY = YES_AGGRESSIVE;
				CLANG_WARN_UNREACHABLE_CODE = YES;
				CLANG_WARN__DUPLICATE_METHOD_MATCH = YES;
				COPY_PHASE_STRIP = NO;
				DEBUG_INFORMATION_FORMAT = dwarf;
				ENABLE_STRICT_OBJC_MSGSEND = YES;
				ENABLE_TESTABILITY = YES;
				ENABLE_USER_SCRIPT_SANDBOXING = YES;
				GCC_C_LANGUAGE_STANDARD = gnu17;
				GCC_DYNAMIC_NO_PIC = NO;
				GCC_NO_COMMON_BLOCKS = YES;
				GCC_OPTIMIZATION_LEVEL = 0;
				GCC_PREPROCESSOR_DEFINITIONS = (
					"DEBUG=1",
					"$(inherited)",
				);
				GCC_WARN_64_TO_32_BIT_CONVERSION = YES;
				GCC_WARN_ABOUT_RETURN_TYPE = YES_ERROR;
				GCC_WARN_UNDECLARED_SELECTOR = YES;
				GCC_WARN_UNINITIALIZED_AUTOS = YES_AGGRESSIVE;
				GCC_WARN_UNUSED_FUNCTION = YES;
				GCC_WARN_UNUSED_VARIABLE = YES;
				LOCALIZATION_PREFERS_STRING_CATALOGS = YES;
				MTL_ENABLE_DEBUG_INFO = INCLUDE_SOURCE;
				MTL_FAST_MATH = YES;
				ONLY_ACTIVE_ARCH = YES;
				SWIFT_ACTIVE_COMPILATION_CONDITIONS = "DEBUG $(inherited)";
				SWIFT_OPTIMIZATION_LEVEL = "-Onone";
			};
			name = Debug;
		};
		802114D32E313C0E00FE2C3D /* Release */ = {
			isa = XCBuildConfiguration;
			buildSettings = {
				ALWAYS_SEARCH_USER_PATHS = NO;
				ASSETCATALOG_COMPILER_GENERATE_SWIFT_ASSET_SYMBOL_EXTENSIONS = YES;
				CLANG_ANALYZER_NONNULL = YES;
				CLANG_ANALYZER_NUMBER_OBJECT_CONVERSION = YES_AGGRESSIVE;
				CLANG_CXX_LANGUAGE_STANDARD = "gnu++20";
				CLANG_ENABLE_MODULES = YES;
				CLANG_ENABLE_OBJC_ARC = YES;
				CLANG_ENABLE_OBJC_WEAK = YES;
				CLANG_WARN_BLOCK_CAPTURE_AUTORELEASING = YES;
				CLANG_WARN_BOOL_CONVERSION = YES;
				CLANG_WARN_COMMA = YES;
				CLANG_WARN_CONSTANT_CONVERSION = YES;
				CLANG_WARN_DEPRECATED_OBJC_IMPLEMENTATIONS = YES;
				CLANG_WARN_DIRECT_OBJC_ISA_USAGE = YES_ERROR;
				CLANG_WARN_DOCUMENTATION_COMMENTS = YES;
				CLANG_WARN_EMPTY_BODY = YES;
				CLANG_WARN_ENUM_CONVERSION = YES;
				CLANG_WARN_INFINITE_RECURSION = YES;
				CLANG_WARN_INT_CONVERSION = YES;
				CLANG_WARN_NON_LITERAL_NULL_CONVERSION = YES;
				CLANG_WARN_OBJC_IMPLICIT_RETAIN_SELF = YES;
				CLANG_WARN_OBJC_LITERAL_CONVERSION = YES;
				CLANG_WARN_OBJC_ROOT_CLASS = YES_ERROR;
				CLANG_WARN_QUOTED_INCLUDE_IN_FRAMEWORK_HEADER = YES;
				CLANG_WARN_RANGE_LOOP_ANALYSIS = YES;
				CLANG_WARN_STRICT_PROTOTYPES = YES;
				CLANG_WARN_SUSPICIOUS_MOVE = YES;
				CLANG_WARN_UNGUARDED_AVAILABILITY = YES_AGGRESSIVE;
				CLANG_WARN_UNREACHABLE_CODE = YES;
				CLANG_WARN__DUPLICATE_METHOD_MATCH = YES;
				COPY_PHASE_STRIP = NO;
				DEBUG_INFORMATION_FORMAT = "dwarf-with-dsym";
				ENABLE_NS_ASSERTIONS = NO;
				ENABLE_STRICT_OBJC_MSGSEND = YES;
				ENABLE_USER_SCRIPT_SANDBOXING = YES;
				GCC_C_LANGUAGE_STANDARD = gnu17;
				GCC_NO_COMMON_BLOCKS = YES;
				GCC_WARN_64_TO_32_BIT_CONVERSION = YES;
				GCC_WARN_ABOUT_RETURN_TYPE = YES_ERROR;
				GCC_WARN_UNDECLARED_SELECTOR = YES;
				GCC_WARN_UNINITIALIZED_AUTOS = YES_AGGRESSIVE;
				GCC_WARN_UNUSED_FUNCTION = YES;
				GCC_WARN_UNUSED_VARIABLE = YES;
				LOCALIZATION_PREFERS_STRING_CATALOGS = YES;
				MTL_ENABLE_DEBUG_INFO = NO;
				MTL_FAST_MATH = YES;
				SWIFT_COMPILATION_MODE = wholemodule;
			};
			name = Release;
		};
		802114D52E313C0E00FE2C3D /* Debug */ = {
			isa = XCBuildConfiguration;
			buildSettings = {
				ASSETCATALOG_COMPILER_APPICON_NAME = AppIcon;
				ASSETCATALOG_COMPILER_GLOBAL_ACCENT_COLOR_NAME = AccentColor;
				CODE_SIGN_ENTITLEMENTS = Hermes/Hermes.entitlements;
				CODE_SIGN_STYLE = Automatic;
				CURRENT_PROJECT_VERSION = 1;
				ENABLE_PREVIEWS = YES;
				GENERATE_INFOPLIST_FILE = YES;
				"INFOPLIST_KEY_UIApplicationSceneManifest_Generation[sdk=iphoneos*]" = YES;
				"INFOPLIST_KEY_UIApplicationSceneManifest_Generation[sdk=iphonesimulator*]" = YES;
				"INFOPLIST_KEY_UIApplicationSupportsIndirectInputEvents[sdk=iphoneos*]" = YES;
				"INFOPLIST_KEY_UIApplicationSupportsIndirectInputEvents[sdk=iphonesimulator*]" = YES;
				"INFOPLIST_KEY_UILaunchScreen_Generation[sdk=iphoneos*]" = YES;
				"INFOPLIST_KEY_UILaunchScreen_Generation[sdk=iphonesimulator*]" = YES;
				"INFOPLIST_KEY_UIStatusBarStyle[sdk=iphoneos*]" = UIStatusBarStyleDefault;
				"INFOPLIST_KEY_UIStatusBarStyle[sdk=iphonesimulator*]" = UIStatusBarStyleDefault;
				INFOPLIST_KEY_UISupportedInterfaceOrientations_iPad = "UIInterfaceOrientationPortrait UIInterfaceOrientationPortraitUpsideDown UIInterfaceOrientationLandscapeLeft UIInterfaceOrientationLandscapeRight";
				INFOPLIST_KEY_UISupportedInterfaceOrientations_iPhone = "UIInterfaceOrientationPortrait UIInterfaceOrientationLandscapeLeft UIInterfaceOrientationLandscapeRight";
				IPHONEOS_DEPLOYMENT_TARGET = 18.5;
				LD_RUNPATH_SEARCH_PATHS = "@executable_path/Frameworks";
				"LD_RUNPATH_SEARCH_PATHS[sdk=macosx*]" = "@executable_path/../Frameworks";
				MACOSX_DEPLOYMENT_TARGET = 15.5;
				MARKETING_VERSION = 1.0;
				PRODUCT_BUNDLE_IDENTIFIER = "Relative-Industries.Hermes";
				PRODUCT_NAME = "$(TARGET_NAME)";
				REGISTER_APP_GROUPS = YES;
				SDKROOT = auto;
				SUPPORTED_PLATFORMS = "iphoneos iphonesimulator macosx xros xrsimulator";
				SWIFT_EMIT_LOC_STRINGS = YES;
				SWIFT_VERSION = 5.0;
				TARGETED_DEVICE_FAMILY = "1,2,7";
				XROS_DEPLOYMENT_TARGET = 2.5;
			};
			name = Debug;
		};
		802114D62E313C0E00FE2C3D /* Release */ = {
			isa = XCBuildConfiguration;
			buildSettings = {
				ASSETCATALOG_COMPILER_APPICON_NAME = AppIcon;
				ASSETCATALOG_COMPILER_GLOBAL_ACCENT_COLOR_NAME = AccentColor;
				CODE_SIGN_ENTITLEMENTS = Hermes/Hermes.entitlements;
				CODE_SIGN_STYLE = Automatic;
				CURRENT_PROJECT_VERSION = 1;
				ENABLE_PREVIEWS = YES;
				GENERATE_INFOPLIST_FILE = YES;
				"INFOPLIST_KEY_UIApplicationSceneManifest_Generation[sdk=iphoneos*]" = YES;
				"INFOPLIST_KEY_UIApplicationSceneManifest_Generation[sdk=iphonesimulator*]" = YES;
				"INFOPLIST_KEY_UIApplicationSupportsIndirectInputEvents[sdk=iphoneos*]" = YES;
				"INFOPLIST_KEY_UIApplicationSupportsIndirectInputEvents[sdk=iphonesimulator*]" = YES;
				"INFOPLIST_KEY_UILaunchScreen_Generation[sdk=iphoneos*]" = YES;
				"INFOPLIST_KEY_UILaunchScreen_Generation[sdk=iphonesimulator*]" = YES;
				"INFOPLIST_KEY_UIStatusBarStyle[sdk=iphoneos*]" = UIStatusBarStyleDefault;
				"INFOPLIST_KEY_UIStatusBarStyle[sdk=iphonesimulator*]" = UIStatusBarStyleDefault;
				INFOPLIST_KEY_UISupportedInterfaceOrientations_iPad = "UIInterfaceOrientationPortrait UIInterfaceOrientationPortraitUpsideDown UIInterfaceOrientationLandscapeLeft UIInterfaceOrientationLandscapeRight";
				INFOPLIST_KEY_UISupportedInterfaceOrientations_iPhone = "UIInterfaceOrientationPortrait UIInterfaceOrientationLandscapeLeft UIInterfaceOrientationLandscapeRight";
				IPHONEOS_DEPLOYMENT_TARGET = 18.5;
				LD_RUNPATH_SEARCH_PATHS = "@executable_path/Frameworks";
				"LD_RUNPATH_SEARCH_PATHS[sdk=macosx*]" = "@executable_path/../Frameworks";
				MACOSX_DEPLOYMENT_TARGET = 15.5;
				MARKETING_VERSION = 1.0;
				PRODUCT_BUNDLE_IDENTIFIER = "Relative-Industries.Hermes";
				PRODUCT_NAME = "$(TARGET_NAME)";
				REGISTER_APP_GROUPS = YES;
				SDKROOT = auto;
				SUPPORTED_PLATFORMS = "iphoneos iphonesimulator macosx xros xrsimulator";
				SWIFT_EMIT_LOC_STRINGS = YES;
				SWIFT_VERSION = 5.0;
				TARGETED_DEVICE_FAMILY = "1,2,7";
				XROS_DEPLOYMENT_TARGET = 2.5;
			};
			name = Release;
		};
		802114D82E313C0E00FE2C3D /* Debug */ = {
			isa = XCBuildConfiguration;
			buildSettings = {
				BUNDLE_LOADER = "$(TEST_HOST)";
				CODE_SIGN_STYLE = Automatic;
				CURRENT_PROJECT_VERSION = 1;
				GENERATE_INFOPLIST_FILE = YES;
				IPHONEOS_DEPLOYMENT_TARGET = 18.5;
				MACOSX_DEPLOYMENT_TARGET = 15.5;
				MARKETING_VERSION = 1.0;
				PRODUCT_BUNDLE_IDENTIFIER = "Relative-Industries.HermesTests";
				PRODUCT_NAME = "$(TARGET_NAME)";
				SDKROOT = auto;
				SUPPORTED_PLATFORMS = "iphoneos iphonesimulator macosx xros xrsimulator";
				SWIFT_EMIT_LOC_STRINGS = NO;
				SWIFT_VERSION = 5.0;
				TARGETED_DEVICE_FAMILY = "1,2,7";
				TEST_HOST = "$(BUILT_PRODUCTS_DIR)/Hermes.app/$(BUNDLE_EXECUTABLE_FOLDER_PATH)/Hermes";
				XROS_DEPLOYMENT_TARGET = 2.5;
			};
			name = Debug;
		};
		802114D92E313C0E00FE2C3D /* Release */ = {
			isa = XCBuildConfiguration;
			buildSettings = {
				BUNDLE_LOADER = "$(TEST_HOST)";
				CODE_SIGN_STYLE = Automatic;
				CURRENT_PROJECT_VERSION = 1;
				GENERATE_INFOPLIST_FILE = YES;
				IPHONEOS_DEPLOYMENT_TARGET = 18.5;
				MACOSX_DEPLOYMENT_TARGET = 15.5;
				MARKETING_VERSION = 1.0;
				PRODUCT_BUNDLE_IDENTIFIER = "Relative-Industries.HermesTests";
				PRODUCT_NAME = "$(TARGET_NAME)";
				SDKROOT = auto;
				SUPPORTED_PLATFORMS = "iphoneos iphonesimulator macosx xros xrsimulator";
				SWIFT_EMIT_LOC_STRINGS = NO;
				SWIFT_VERSION = 5.0;
				TARGETED_DEVICE_FAMILY = "1,2,7";
				TEST_HOST = "$(BUILT_PRODUCTS_DIR)/Hermes.app/$(BUNDLE_EXECUTABLE_FOLDER_PATH)/Hermes";
				XROS_DEPLOYMENT_TARGET = 2.5;
			};
			name = Release;
		};
		802114DB2E313C0E00FE2C3D /* Debug */ = {
			isa = XCBuildConfiguration;
			buildSettings = {
				CODE_SIGN_STYLE = Automatic;
				CURRENT_PROJECT_VERSION = 1;
				GENERATE_INFOPLIST_FILE = YES;
				IPHONEOS_DEPLOYMENT_TARGET = 18.5;
				MACOSX_DEPLOYMENT_TARGET = 15.5;
				MARKETING_VERSION = 1.0;
				PRODUCT_BUNDLE_IDENTIFIER = "Relative-Industries.HermesUITests";
				PRODUCT_NAME = "$(TARGET_NAME)";
				SDKROOT = auto;
				SUPPORTED_PLATFORMS = "iphoneos iphonesimulator macosx xros xrsimulator";
				SWIFT_EMIT_LOC_STRINGS = NO;
				SWIFT_VERSION = 5.0;
				TARGETED_DEVICE_FAMILY = "1,2,7";
				TEST_TARGET_NAME = Hermes;
				XROS_DEPLOYMENT_TARGET = 2.5;
			};
			name = Debug;
		};
		802114DC2E313C0E00FE2C3D /* Release */ = {
			isa = XCBuildConfiguration;
			buildSettings = {
				CODE_SIGN_STYLE = Automatic;
				CURRENT_PROJECT_VERSION = 1;
				GENERATE_INFOPLIST_FILE = YES;
				IPHONEOS_DEPLOYMENT_TARGET = 18.5;
				MACOSX_DEPLOYMENT_TARGET = 15.5;
				MARKETING_VERSION = 1.0;
				PRODUCT_BUNDLE_IDENTIFIER = "Relative-Industries.HermesUITests";
				PRODUCT_NAME = "$(TARGET_NAME)";
				SDKROOT = auto;
				SUPPORTED_PLATFORMS = "iphoneos iphonesimulator macosx xros xrsimulator";
				SWIFT_EMIT_LOC_STRINGS = NO;
				SWIFT_VERSION = 5.0;
				TARGETED_DEVICE_FAMILY = "1,2,7";
				TEST_TARGET_NAME = Hermes;
				XROS_DEPLOYMENT_TARGET = 2.5;
			};
			name = Release;
		};
/* End XCBuildConfiguration section */

/* Begin XCConfigurationList section */
		802114AD2E313C0D00FE2C3D /* Build configuration list for PBXProject "Hermes" */ = {
			isa = XCConfigurationList;
			buildConfigurations = (
				802114D22E313C0E00FE2C3D /* Debug */,
				802114D32E313C0E00FE2C3D /* Release */,
			);
			defaultConfigurationIsVisible = 0;
			defaultConfigurationName = Release;
		};
		802114D42E313C0E00FE2C3D /* Build configuration list for PBXNativeTarget "Hermes" */ = {
			isa = XCConfigurationList;
			buildConfigurations = (
				802114D52E313C0E00FE2C3D /* Debug */,
				802114D62E313C0E00FE2C3D /* Release */,
			);
			defaultConfigurationIsVisible = 0;
			defaultConfigurationName = Release;
		};
		802114D72E313C0E00FE2C3D /* Build configuration list for PBXNativeTarget "HermesTests" */ = {
			isa = XCConfigurationList;
			buildConfigurations = (
				802114D82E313C0E00FE2C3D /* Debug */,
				802114D92E313C0E00FE2C3D /* Release */,
			);
			defaultConfigurationIsVisible = 0;
			defaultConfigurationName = Release;
		};
		802114DA2E313C0E00FE2C3D /* Build configuration list for PBXNativeTarget "HermesUITests" */ = {
			isa = XCConfigurationList;
			buildConfigurations = (
				802114DB2E313C0E00FE2C3D /* Debug */,
				802114DC2E313C0E00FE2C3D /* Release */,
			);
			defaultConfigurationIsVisible = 0;
			defaultConfigurationName = Release;
		};
/* End XCConfigurationList section */
	};
	rootObject = 802114AA2E313C0D00FE2C3D /* Project object */;
}
